
Microsoft Visual Studio Solution File, Format Version 12.00
# Visual Studio Version 16
VisualStudioVersion = 16.0.30011.22
MinimumVisualStudioVersion = 10.0.40219.1
Project("{FAE04EC0-301F-11D3-BF4B-00C04F79EFBC}") = "TripHunt", "TripHunt\TripHunt.csproj", "{C2C1215F-D58E-4BB7-9295-FD979C832AFA}"
EndProject
Global
	GlobalSection(SolutionConfigurationPlatforms) = preSolution
		Debug|Any CPU = Debug|Any CPU
		Release|Any CPU = Release|Any CPU
	EndGlobalSection
	GlobalSection(ProjectConfigurationPlatforms) = postSolution
		{C2C1215F-D58E-4BB7-9295-FD979C832AFA}.Debug|Any CPU.ActiveCfg = Debug|Any CPU
		{C2C1215F-D58E-4BB7-9295-FD979C832AFA}.Debug|Any CPU.Build.0 = Debug|Any CPU
		{C2C1215F-D58E-4BB7-9295-FD979C832AFA}.Release|Any CPU.ActiveCfg = Release|Any CPU
		{C2C1215F-D58E-4BB7-9295-FD979C832AFA}.Release|Any CPU.Build.0 = Release|Any CPU
	EndGlobalSection
	GlobalSection(SolutionProperties) = preSolution
		HideSolutionNode = FALSE
	EndGlobalSection
	GlobalSection(ExtensibilityGlobals) = postSolution
		SolutionGuid = {62F62624-C1A8-4119-9B90-4391A15517E8}
	EndGlobalSection
EndGlobal
